
Microsoft Visual Studio Solution File, Format Version 12.00
# Visual Studio 15
Project("{FAE04EC0-301F-11D3-BF4B-00C04F79EFBC}") = "UnityEngine.TestRunner", "UnityEngine.TestRunner.csproj", "{AD458E81-C698-116E-6269-75C94D9C2E70}"
EndProject
Project("{FAE04EC0-301F-11D3-BF4B-00C04F79EFBC}") = "UnityEngine.UI", "UnityEngine.UI.csproj", "{2E1F63CA-F18D-720F-72E5-107CD04F267F}"
EndProject
Project("{FAE04EC0-301F-11D3-BF4B-00C04F79EFBC}") = "Unity.VisualScripting.Flow", "Unity.VisualScripting.Flow.csproj", "{ED46F8C1-AEDF-DE5D-79F7-E05085D085BE}"
EndProject
Project("{FAE04EC0-301F-11D3-BF4B-00C04F79EFBC}") = "Unity.Mathematics", "Unity.Mathematics.csproj", "{A749C734-56B5-491F-7EE3-22328D423E6E}"
EndProject
Project("{FAE04EC0-301F-11D3-BF4B-00C04F79EFBC}") = "Unity.Services.Core.Telemetry", "Unity.Services.Core.Telemetry.csproj", "{B939FB79-9F31-DBA3-3C0A-0E444070F7B1}"
EndProject
Project("{FAE04EC0-301F-11D3-BF4B-00C04F79EFBC}") = "Unity.VisualScripting.State", "Unity.VisualScripting.State.csproj", "{1553ECC6-1960-1CA0-5F56-1A941D4E6E4F}"
EndProject
Project("{FAE04EC0-301F-11D3-BF4B-00C04F79EFBC}") = "Unity.VisualScripting.Core", "Unity.VisualScripting.Core.csproj", "{0B58DD5E-C48F-450F-77AD-93A0C48C4212}"
EndProject
Project("{FAE04EC0-301F-11D3-BF4B-00C04F79EFBC}") = "Unity.Services.Core.Environments.Internal", "Unity.Services.Core.Environments.Internal.csproj", "{19BB5685-3F1C-EBED-986A-7554127A1D0B}"
EndProject
Project("{FAE04EC0-301F-11D3-BF4B-00C04F79EFBC}") = "Unity.Burst", "Unity.Burst.csproj", "{8E2F2EF4-12C7-59E4-BC39-A4A9B435D5CC}"
EndProject
Project("{FAE04EC0-301F-11D3-BF4B-00C04F79EFBC}") = "Unity.2D.Animation.Runtime", "Unity.2D.Animation.Runtime.csproj", "{53DFF8F6-F331-C476-3C2D-D4572E7AFE0E}"
EndProject
Project("{FAE04EC0-301F-11D3-BF4B-00C04F79EFBC}") = "Unity.TextMeshPro", "Unity.TextMeshPro.csproj", "{F06E5A2E-1695-47B4-4917-3F4207AF65D9}"
EndProject
Project("{FAE04EC0-301F-11D3-BF4B-00C04F79EFBC}") = "Unity.Timeline", "Unity.Timeline.csproj", "{CB9FBB1B-A55A-BC90-D575-61BF0EEF7D54}"
EndProject
Project("{FAE04EC0-301F-11D3-BF4B-00C04F79EFBC}") = "Unity.Services.Core", "Unity.Services.Core.csproj", "{6B880CE6-093E-4736-C872-FFB4F58331BA}"
EndProject
Project("{FAE04EC0-301F-11D3-BF4B-00C04F79EFBC}") = "Unity.Services.Core.Environments", "Unity.Services.Core.Environments.csproj", "{A640EC7B-44A4-AE26-575A-FD519A42D15D}"
EndProject
Project("{FAE04EC0-301F-11D3-BF4B-00C04F79EFBC}") = "Unity.Services.Core.Internal", "Unity.Services.Core.Internal.csproj", "{24932CD5-400A-735E-8ECC-CB160FDAFB6D}"
EndProject
Project("{FAE04EC0-301F-11D3-BF4B-00C04F79EFBC}") = "Unity.Services.Core.Analytics", "Unity.Services.Core.Analytics.csproj", "{E10A6CB0-C203-3876-6A6F-2E68D57DF484}"
EndProject
Project("{FAE04EC0-301F-11D3-BF4B-00C04F79EFBC}") = "Unity.2D.SpriteShape.Runtime", "Unity.2D.SpriteShape.Runtime.csproj", "{483D6BCE-2AA0-32C2-A1C9-E4130B02E20C}"
EndProject
Project("{FAE04EC0-301F-11D3-BF4B-00C04F79EFBC}") = "Unity.Services.Core.Scheduler", "Unity.Services.Core.Scheduler.csproj", "{03A8F42A-54D8-E26B-002B-75477C7187B5}"
EndProject
Project("{FAE04EC0-301F-11D3-BF4B-00C04F79EFBC}") = "Unity.Services.Core.Registration", "Unity.Services.Core.Registration.csproj", "{A73BCA40-C58A-F986-9DEB-6FB137C98A63}"
EndProject
Project("{FAE04EC0-301F-11D3-BF4B-00C04F79EFBC}") = "Unity.2D.PixelPerfect", "Unity.2D.PixelPerfect.csproj", "{E56D67D5-A22E-DE98-D787-A6C54784B455}"
EndProject
Project("{FAE04EC0-301F-11D3-BF4B-00C04F79EFBC}") = "Unity.2D.Common.Runtime", "Unity.2D.Common.Runtime.csproj", "{D9E88324-E32B-657F-8EE7-F26A6F8FD563}"
EndProject
Project("{FAE04EC0-301F-11D3-BF4B-00C04F79EFBC}") = "Unity.2D.IK.Runtime", "Unity.2D.IK.Runtime.csproj", "{F0A7A218-6BE3-B79D-D133-02BE101AB1C1}"
EndProject
Project("{FAE04EC0-301F-11D3-BF4B-00C04F79EFBC}") = "Unity.Services.Core.Device", "Unity.Services.Core.Device.csproj", "{8891DCB8-A143-50FE-4962-98419332A165}"
EndProject
Project("{FAE04EC0-301F-11D3-BF4B-00C04F79EFBC}") = "Unity.Services.Core.Threading", "Unity.Services.Core.Threading.csproj", "{D3C4FA4E-B699-6242-B466-888E2218EA1E}"
EndProject
Project("{FAE04EC0-301F-11D3-BF4B-00C04F79EFBC}") = "Assembly-CSharp", "Assembly-CSharp.csproj", "{E3EF6E53-88BE-20EB-65C7-C65330B49779}"
EndProject
Project("{FAE04EC0-301F-11D3-BF4B-00C04F79EFBC}") = "Unity.2D.Tilemap.Extras", "Unity.2D.Tilemap.Extras.csproj", "{1312F78D-733A-2DA8-FFE5-1A44F462E2A8}"
EndProject
Project("{FAE04EC0-301F-11D3-BF4B-00C04F79EFBC}") = "Unity.Services.Core.Networking", "Unity.Services.Core.Networking.csproj", "{2A9D0304-F800-4DDC-BF64-1EEF365C7651}"
EndProject
Project("{FAE04EC0-301F-11D3-BF4B-00C04F79EFBC}") = "Unity.InternalAPIEngineBridge.001", "Unity.InternalAPIEngineBridge.001.csproj", "{698601C1-E216-3963-5770-64DAF6FDB079}"
EndProject
Project("{FAE04EC0-301F-11D3-BF4B-00C04F79EFBC}") = "Unity.Services.Core.Configuration", "Unity.Services.Core.Configuration.csproj", "{D9BA0D05-641A-9424-3442-1AB602D44A77}"
EndProject
Project("{FAE04EC0-301F-11D3-BF4B-00C04F79EFBC}") = "Unity.PlasticSCM.Editor", "Unity.PlasticSCM.Editor.csproj", "{51CDBFA7-88DA-36B9-B6E7-DE5D5DB461B5}"
EndProject
Project("{FAE04EC0-301F-11D3-BF4B-00C04F79EFBC}") = "Unity.VisualScripting.Core.Editor", "Unity.VisualScripting.Core.Editor.csproj", "{DE8C13E3-E202-5053-CD26-84761FC4F981}"
EndProject
Project("{FAE04EC0-301F-11D3-BF4B-00C04F79EFBC}") = "Unity.VisualScripting.Flow.Editor", "Unity.VisualScripting.Flow.Editor.csproj", "{2D9AF089-D889-B7AB-B166-50ECAF487EB4}"
EndProject
Project("{FAE04EC0-301F-11D3-BF4B-00C04F79EFBC}") = "Unity.VisualStudio.Editor", "Unity.VisualStudio.Editor.csproj", "{046E4E8B-0680-4F66-F44C-8F9B5C657D9F}"
EndProject
Project("{FAE04EC0-301F-11D3-BF4B-00C04F79EFBC}") = "Unity.Timeline.Editor", "Unity.Timeline.Editor.csproj", "{C024ACBE-CFDF-04C6-7D4A-07B23FE24F6B}"
EndProject
Project("{FAE04EC0-301F-11D3-BF4B-00C04F79EFBC}") = "Unity.VisualScripting.State.Editor", "Unity.VisualScripting.State.Editor.csproj", "{BEAE4618-1E46-6D64-7609-A4DDC34BB5A2}"
EndProject
Project("{FAE04EC0-301F-11D3-BF4B-00C04F79EFBC}") = "Unity.TextMeshPro.Editor", "Unity.TextMeshPro.Editor.csproj", "{DE9E4D1A-0C96-EE3A-2E98-7E3AF7235BD7}"
EndProject
Project("{FAE04EC0-301F-11D3-BF4B-00C04F79EFBC}") = "Unity.2D.Animation.Editor", "Unity.2D.Animation.Editor.csproj", "{B6378FE3-A9B1-986F-CF5C-12A14A43E209}"
EndProject
Project("{FAE04EC0-301F-11D3-BF4B-00C04F79EFBC}") = "Unity.VisualScripting.SettingsProvider.Editor", "Unity.VisualScripting.SettingsProvider.Editor.csproj", "{FCA180A8-1947-4031-2020-CC145DA9CCA0}"
EndProject
Project("{FAE04EC0-301F-11D3-BF4B-00C04F79EFBC}") = "Unity.CollabProxy.Editor", "Unity.CollabProxy.Editor.csproj", "{A4310CBF-BB11-AA77-EC87-924D5BD0E369}"
EndProject
Project("{FAE04EC0-301F-11D3-BF4B-00C04F79EFBC}") = "UnityEditor.TestRunner", "UnityEditor.TestRunner.csproj", "{6753E178-0263-A539-6CEC-4236B0BB15FA}"
EndProject
Project("{FAE04EC0-301F-11D3-BF4B-00C04F79EFBC}") = "Unity.2D.Tilemap.Editor", "Unity.2D.Tilemap.Editor.csproj", "{F3B6BD2E-030B-5876-91BB-5376B5354891}"
EndProject
Project("{FAE04EC0-301F-11D3-BF4B-00C04F79EFBC}") = "Unity.Services.Core.Editor", "Unity.Services.Core.Editor.csproj", "{E6B3F0D9-FA6A-5938-3058-53E5580288DD}"
EndProject
Project("{FAE04EC0-301F-11D3-BF4B-00C04F79EFBC}") = "Unity.Rider.Editor", "Unity.Rider.Editor.csproj", "{6274BDC8-4DAC-9143-31BB-B76A6F9C39B6}"
EndProject
Project("{FAE04EC0-301F-11D3-BF4B-00C04F79EFBC}") = "Unity.2D.Path.Editor", "Unity.2D.Path.Editor.csproj", "{3970CB34-5A11-54D4-5D42-309ECF4BEC68}"
EndProject
Project("{FAE04EC0-301F-11D3-BF4B-00C04F79EFBC}") = "PsdPlugin", "PsdPlugin.csproj", "{727DE84D-7596-E851-C9FD-1E33E3485669}"
EndProject
Project("{FAE04EC0-301F-11D3-BF4B-00C04F79EFBC}") = "Unity.2D.IK.Editor", "Unity.2D.IK.Editor.csproj", "{683AC31C-DC49-DC58-7435-D16A0961959D}"
EndProject
Project("{FAE04EC0-301F-11D3-BF4B-00C04F79EFBC}") = "Unity.2D.Psdimporter.Editor", "Unity.2D.Psdimporter.Editor.csproj", "{C1CA0E7B-D2F6-1DAC-4AC6-AC4EF5410281}"
EndProject
Project("{FAE04EC0-301F-11D3-BF4B-00C04F79EFBC}") = "Unity.2D.SpriteShape.Editor", "Unity.2D.SpriteShape.Editor.csproj", "{CFEF03BF-E1C0-415C-754C-F6500C07DE47}"
EndProject
Project("{FAE04EC0-301F-11D3-BF4B-00C04F79EFBC}") = "Unity.Burst.CodeGen", "Unity.Burst.CodeGen.csproj", "{F5EE465C-E108-44EB-13DE-33CCB992324E}"
EndProject
Project("{FAE04EC0-301F-11D3-BF4B-00C04F79EFBC}") = "Unity.2D.PixelPerfect.Editor", "Unity.2D.PixelPerfect.Editor.csproj", "{B1AEF954-567B-BD45-F59E-CC8505C9373F}"
EndProject
Project("{FAE04EC0-301F-11D3-BF4B-00C04F79EFBC}") = "Unity.VSCode.Editor", "Unity.VSCode.Editor.csproj", "{F37AD8E3-30C4-B39A-FD1F-05F746203349}"
EndProject
Project("{FAE04EC0-301F-11D3-BF4B-00C04F79EFBC}") = "Unity.2D.Sprite.Editor", "Unity.2D.Sprite.Editor.csproj", "{2E03ED31-C01C-97B7-8B99-56F001D368F9}"
EndProject
Project("{FAE04EC0-301F-11D3-BF4B-00C04F79EFBC}") = "UnityEditor.UI", "UnityEditor.UI.csproj", "{0068377A-9480-6CD4-1F65-C2FA53B1E099}"
EndProject
Project("{FAE04EC0-301F-11D3-BF4B-00C04F79EFBC}") = "Unity.2D.Common.Editor", "Unity.2D.Common.Editor.csproj", "{A0D304EF-2EEB-295D-64EB-54B7E3589E8F}"
EndProject
Project("{FAE04EC0-301F-11D3-BF4B-00C04F79EFBC}") = "Unity.Mathematics.Editor", "Unity.Mathematics.Editor.csproj", "{C01D8419-AA0A-EAF9-F3B9-8D3667118C18}"
EndProject
Project("{FAE04EC0-301F-11D3-BF4B-00C04F79EFBC}") = "Unity.Services.Core.Configuration.Editor", "Unity.Services.Core.Configuration.Editor.csproj", "{9A6A77B6-182C-A1D3-8045-48B6733AAA6C}"
EndProject
Project("{FAE04EC0-301F-11D3-BF4B-00C04F79EFBC}") = "Unity.2D.Tilemap.Extras.Editor", "Unity.2D.Tilemap.Extras.Editor.csproj", "{F96CE08A-3E81-604F-C52D-CC58428E63E0}"
EndProject
Project("{FAE04EC0-301F-11D3-BF4B-00C04F79EFBC}") = "Unity.Burst.Editor", "Unity.Burst.Editor.csproj", "{86A54A69-1F23-DCD3-2AD9-DD9C9911E198}"
EndProject
Project("{FAE04EC0-301F-11D3-BF4B-00C04F79EFBC}") = "Unity.InternalAPIEditorBridge.001", "Unity.InternalAPIEditorBridge.001.csproj", "{4DD91D23-F42E-B1B3-D699-9B755A5549A3}"
EndProject
Project("{FAE04EC0-301F-11D3-BF4B-00C04F79EFBC}") = "Unity.VisualScripting.Shared.Editor", "Unity.VisualScripting.Shared.Editor.csproj", "{B7C33BCA-4349-8C09-4CC6-2A4BFF130A42}"
EndProject
Project("{FAE04EC0-301F-11D3-BF4B-00C04F79EFBC}") = "UnityEngine.TestRunner", "UnityEngine.TestRunner.Player.csproj", "{5B37295E-3190-BF7C-99E2-2FE98FC98087}"
EndProject
Project("{FAE04EC0-301F-11D3-BF4B-00C04F79EFBC}") = "UnityEngine.UI", "UnityEngine.UI.Player.csproj", "{B5A35C7E-838E-5035-BA5A-2D1FF196C310}"
EndProject
Project("{FAE04EC0-301F-11D3-BF4B-00C04F79EFBC}") = "Unity.VisualScripting.Flow", "Unity.VisualScripting.Flow.Player.csproj", "{429448CD-B9B4-BD84-B8FC-E1F3344C53F4}"
EndProject
Project("{FAE04EC0-301F-11D3-BF4B-00C04F79EFBC}") = "Unity.Mathematics", "Unity.Mathematics.Player.csproj", "{20E5B28F-F145-27FE-60AF-B3C5271A7560}"
EndProject
Project("{FAE04EC0-301F-11D3-BF4B-00C04F79EFBC}") = "Unity.Services.Core.Telemetry", "Unity.Services.Core.Telemetry.Player.csproj", "{4EC26BE5-DA02-1069-8831-195CCA7B4ACC}"
EndProject
Project("{FAE04EC0-301F-11D3-BF4B-00C04F79EFBC}") = "Unity.VisualScripting.State", "Unity.VisualScripting.State.Player.csproj", "{EF05AE03-D16D-D6B3-D16B-1415EEE3D7D4}"
EndProject
Project("{FAE04EC0-301F-11D3-BF4B-00C04F79EFBC}") = "Unity.VisualScripting.Core", "Unity.VisualScripting.Core.Player.csproj", "{FA6CC493-9F14-D278-8AEC-C8061C645292}"
EndProject
Project("{FAE04EC0-301F-11D3-BF4B-00C04F79EFBC}") = "Unity.Services.Core.Environments.Internal", "Unity.Services.Core.Environments.Internal.Player.csproj", "{5F0465DF-5656-9EA4-9FFE-67FE2DCFB1BB}"
EndProject
Project("{FAE04EC0-301F-11D3-BF4B-00C04F79EFBC}") = "Unity.Burst", "Unity.Burst.Player.csproj", "{5FCF4FDC-832C-F9A9-CC9E-13CDC72DCFBD}"
EndProject
Project("{FAE04EC0-301F-11D3-BF4B-00C04F79EFBC}") = "Unity.2D.Animation.Runtime", "Unity.2D.Animation.Runtime.Player.csproj", "{F7206C9E-5D18-1159-0A3B-BFABF5E321A4}"
EndProject
Project("{FAE04EC0-301F-11D3-BF4B-00C04F79EFBC}") = "Unity.TextMeshPro", "Unity.TextMeshPro.Player.csproj", "{7D7850A1-F433-FFAF-C0E3-AFA783E5F42A}"
EndProject
Project("{FAE04EC0-301F-11D3-BF4B-00C04F79EFBC}") = "Unity.Timeline", "Unity.Timeline.Player.csproj", "{9DCB3B12-A688-69B3-ED96-348B4FA2679A}"
EndProject
Project("{FAE04EC0-301F-11D3-BF4B-00C04F79EFBC}") = "Unity.Services.Core", "Unity.Services.Core.Player.csproj", "{8A306BF8-60DA-FB31-4828-E4500DD1B14B}"
EndProject
Project("{FAE04EC0-301F-11D3-BF4B-00C04F79EFBC}") = "Unity.Services.Core.Environments", "Unity.Services.Core.Environments.Player.csproj", "{1F26AE6E-29D3-D927-59A2-AEF42080B295}"
EndProject
Project("{FAE04EC0-301F-11D3-BF4B-00C04F79EFBC}") = "Unity.Services.Core.Internal", "Unity.Services.Core.Internal.Player.csproj", "{DEF15EE2-EAC7-2114-E555-899ACAEEE4E7}"
EndProject
Project("{FAE04EC0-301F-11D3-BF4B-00C04F79EFBC}") = "Unity.Services.Core.Analytics", "Unity.Services.Core.Analytics.Player.csproj", "{B8C8E848-4A5B-E5FF-7C64-FEAC81932834}"
EndProject
Project("{FAE04EC0-301F-11D3-BF4B-00C04F79EFBC}") = "Unity.2D.SpriteShape.Runtime", "Unity.2D.SpriteShape.Runtime.Player.csproj", "{48DD87FD-F844-B6FA-09DC-6E69E6630F36}"
EndProject
Project("{FAE04EC0-301F-11D3-BF4B-00C04F79EFBC}") = "Unity.Services.Core.Scheduler", "Unity.Services.Core.Scheduler.Player.csproj", "{F6FFE8E6-5A72-376C-A060-9C8DC60D94C5}"
EndProject
Project("{FAE04EC0-301F-11D3-BF4B-00C04F79EFBC}") = "Unity.Services.Core.Registration", "Unity.Services.Core.Registration.Player.csproj", "{C78D7A1E-B744-4751-B109-D589FE591478}"
EndProject
Project("{FAE04EC0-301F-11D3-BF4B-00C04F79EFBC}") = "Unity.2D.PixelPerfect", "Unity.2D.PixelPerfect.Player.csproj", "{C73A4513-B453-D4A1-2C31-BAEC8BEDEDF0}"
EndProject
Project("{FAE04EC0-301F-11D3-BF4B-00C04F79EFBC}") = "Unity.2D.Common.Runtime", "Unity.2D.Common.Runtime.Player.csproj", "{5FFEB9A9-D8AF-4D0C-CA7D-EBCA4D577591}"
EndProject
Project("{FAE04EC0-301F-11D3-BF4B-00C04F79EFBC}") = "Unity.2D.IK.Runtime", "Unity.2D.IK.Runtime.Player.csproj", "{F2576E0F-CAE1-2537-3CEF-4E8EBB349B9E}"
EndProject
Project("{FAE04EC0-301F-11D3-BF4B-00C04F79EFBC}") = "Unity.Services.Core.Device", "Unity.Services.Core.Device.Player.csproj", "{F933FBA3-033E-0B52-0CA6-2E3114D8022F}"
EndProject
Project("{FAE04EC0-301F-11D3-BF4B-00C04F79EFBC}") = "Unity.Services.Core.Threading", "Unity.Services.Core.Threading.Player.csproj", "{973D0343-DD2D-30D8-786A-5EDBB0AB2F21}"
EndProject
Project("{FAE04EC0-301F-11D3-BF4B-00C04F79EFBC}") = "Assembly-CSharp", "Assembly-CSharp.Player.csproj", "{3C80D412-C65E-2EAD-940A-F31119B166F2}"
EndProject
Project("{FAE04EC0-301F-11D3-BF4B-00C04F79EFBC}") = "Unity.2D.Tilemap.Extras", "Unity.2D.Tilemap.Extras.Player.csproj", "{95F8C187-77F5-44D6-0B38-F60ABD8E0E15}"
EndProject
Project("{FAE04EC0-301F-11D3-BF4B-00C04F79EFBC}") = "Unity.Services.Core.Networking", "Unity.Services.Core.Networking.Player.csproj", "{5C48E395-286B-9AE2-5413-A7AFAD00E019}"
EndProject
Project("{FAE04EC0-301F-11D3-BF4B-00C04F79EFBC}") = "Unity.InternalAPIEngineBridge.001", "Unity.InternalAPIEngineBridge.001.Player.csproj", "{68EC5BE2-E903-D1C8-2876-FCCA567774DC}"
EndProject
Project("{FAE04EC0-301F-11D3-BF4B-00C04F79EFBC}") = "Unity.Services.Core.Configuration", "Unity.Services.Core.Configuration.Player.csproj", "{6F791038-37A5-8346-80DE-48DFB997868C}"
EndProject
Global
	GlobalSection(SolutionConfigurationPlatforms) = preSolution
		Debug|Any CPU = Debug|Any CPU
		Release|Any CPU = Release|Any CPU
	EndGlobalSection
	GlobalSection(ProjectConfigurationPlatforms) = postSolution
		{AD458E81-C698-116E-6269-75C94D9C2E70}.Debug|Any CPU.ActiveCfg = Debug|Any CPU
		{AD458E81-C698-116E-6269-75C94D9C2E70}.Debug|Any CPU.Build.0 = Debug|Any CPU
		{AD458E81-C698-116E-6269-75C94D9C2E70}.Release|Any CPU.ActiveCfg = Release|Any CPU
		{AD458E81-C698-116E-6269-75C94D9C2E70}.Release|Any CPU.Build.0 = Release|Any CPU
		{2E1F63CA-F18D-720F-72E5-107CD04F267F}.Debug|Any CPU.ActiveCfg = Debug|Any CPU
		{2E1F63CA-F18D-720F-72E5-107CD04F267F}.Debug|Any CPU.Build.0 = Debug|Any CPU
		{2E1F63CA-F18D-720F-72E5-107CD04F267F}.Release|Any CPU.ActiveCfg = Release|Any CPU
		{2E1F63CA-F18D-720F-72E5-107CD04F267F}.Release|Any CPU.Build.0 = Release|Any CPU
		{ED46F8C1-AEDF-DE5D-79F7-E05085D085BE}.Debug|Any CPU.ActiveCfg = Debug|Any CPU
		{ED46F8C1-AEDF-DE5D-79F7-E05085D085BE}.Debug|Any CPU.Build.0 = Debug|Any CPU
		{ED46F8C1-AEDF-DE5D-79F7-E05085D085BE}.Release|Any CPU.ActiveCfg = Release|Any CPU
		{ED46F8C1-AEDF-DE5D-79F7-E05085D085BE}.Release|Any CPU.Build.0 = Release|Any CPU
		{A749C734-56B5-491F-7EE3-22328D423E6E}.Debug|Any CPU.ActiveCfg = Debug|Any CPU
		{A749C734-56B5-491F-7EE3-22328D423E6E}.Debug|Any CPU.Build.0 = Debug|Any CPU
		{A749C734-56B5-491F-7EE3-22328D423E6E}.Release|Any CPU.ActiveCfg = Release|Any CPU
		{A749C734-56B5-491F-7EE3-22328D423E6E}.Release|Any CPU.Build.0 = Release|Any CPU
		{B939FB79-9F31-DBA3-3C0A-0E444070F7B1}.Debug|Any CPU.ActiveCfg = Debug|Any CPU
		{B939FB79-9F31-DBA3-3C0A-0E444070F7B1}.Debug|Any CPU.Build.0 = Debug|Any CPU
		{B939FB79-9F31-DBA3-3C0A-0E444070F7B1}.Release|Any CPU.ActiveCfg = Release|Any CPU
		{B939FB79-9F31-DBA3-3C0A-0E444070F7B1}.Release|Any CPU.Build.0 = Release|Any CPU
		{1553ECC6-1960-1CA0-5F56-1A941D4E6E4F}.Debug|Any CPU.ActiveCfg = Debug|Any CPU
		{1553ECC6-1960-1CA0-5F56-1A941D4E6E4F}.Debug|Any CPU.Build.0 = Debug|Any CPU
		{1553ECC6-1960-1CA0-5F56-1A941D4E6E4F}.Release|Any CPU.ActiveCfg = Release|Any CPU
		{1553ECC6-1960-1CA0-5F56-1A941D4E6E4F}.Release|Any CPU.Build.0 = Release|Any CPU
		{0B58DD5E-C48F-450F-77AD-93A0C48C4212}.Debug|Any CPU.ActiveCfg = Debug|Any CPU
		{0B58DD5E-C48F-450F-77AD-93A0C48C4212}.Debug|Any CPU.Build.0 = Debug|Any CPU
		{0B58DD5E-C48F-450F-77AD-93A0C48C4212}.Release|Any CPU.ActiveCfg = Release|Any CPU
		{0B58DD5E-C48F-450F-77AD-93A0C48C4212}.Release|Any CPU.Build.0 = Release|Any CPU
		{19BB5685-3F1C-EBED-986A-7554127A1D0B}.Debug|Any CPU.ActiveCfg = Debug|Any CPU
		{19BB5685-3F1C-EBED-986A-7554127A1D0B}.Debug|Any CPU.Build.0 = Debug|Any CPU
		{19BB5685-3F1C-EBED-986A-7554127A1D0B}.Release|Any CPU.ActiveCfg = Release|Any CPU
		{19BB5685-3F1C-EBED-986A-7554127A1D0B}.Release|Any CPU.Build.0 = Release|Any CPU
		{8E2F2EF4-12C7-59E4-BC39-A4A9B435D5CC}.Debug|Any CPU.ActiveCfg = Debug|Any CPU
		{8E2F2EF4-12C7-59E4-BC39-A4A9B435D5CC}.Debug|Any CPU.Build.0 = Debug|Any CPU
		{8E2F2EF4-12C7-59E4-BC39-A4A9B435D5CC}.Release|Any CPU.ActiveCfg = Release|Any CPU
		{8E2F2EF4-12C7-59E4-BC39-A4A9B435D5CC}.Release|Any CPU.Build.0 = Release|Any CPU
		{53DFF8F6-F331-C476-3C2D-D4572E7AFE0E}.Debug|Any CPU.ActiveCfg = Debug|Any CPU
		{53DFF8F6-F331-C476-3C2D-D4572E7AFE0E}.Debug|Any CPU.Build.0 = Debug|Any CPU
		{53DFF8F6-F331-C476-3C2D-D4572E7AFE0E}.Release|Any CPU.ActiveCfg = Release|Any CPU
		{53DFF8F6-F331-C476-3C2D-D4572E7AFE0E}.Release|Any CPU.Build.0 = Release|Any CPU
		{F06E5A2E-1695-47B4-4917-3F4207AF65D9}.Debug|Any CPU.ActiveCfg = Debug|Any CPU
		{F06E5A2E-1695-47B4-4917-3F4207AF65D9}.Debug|Any CPU.Build.0 = Debug|Any CPU
		{F06E5A2E-1695-47B4-4917-3F4207AF65D9}.Release|Any CPU.ActiveCfg = Release|Any CPU
		{F06E5A2E-1695-47B4-4917-3F4207AF65D9}.Release|Any CPU.Build.0 = Release|Any CPU
		{CB9FBB1B-A55A-BC90-D575-61BF0EEF7D54}.Debug|Any CPU.ActiveCfg = Debug|Any CPU
		{CB9FBB1B-A55A-BC90-D575-61BF0EEF7D54}.Debug|Any CPU.Build.0 = Debug|Any CPU
		{CB9FBB1B-A55A-BC90-D575-61BF0EEF7D54}.Release|Any CPU.ActiveCfg = Release|Any CPU
		{CB9FBB1B-A55A-BC90-D575-61BF0EEF7D54}.Release|Any CPU.Build.0 = Release|Any CPU
		{6B880CE6-093E-4736-C872-FFB4F58331BA}.Debug|Any CPU.ActiveCfg = Debug|Any CPU
		{6B880CE6-093E-4736-C872-FFB4F58331BA}.Debug|Any CPU.Build.0 = Debug|Any CPU
		{6B880CE6-093E-4736-C872-FFB4F58331BA}.Release|Any CPU.ActiveCfg = Release|Any CPU
		{6B880CE6-093E-4736-C872-FFB4F58331BA}.Release|Any CPU.Build.0 = Release|Any CPU
		{A640EC7B-44A4-AE26-575A-FD519A42D15D}.Debug|Any CPU.ActiveCfg = Debug|Any CPU
		{A640EC7B-44A4-AE26-575A-FD519A42D15D}.Debug|Any CPU.Build.0 = Debug|Any CPU
		{A640EC7B-44A4-AE26-575A-FD519A42D15D}.Release|Any CPU.ActiveCfg = Release|Any CPU
		{A640EC7B-44A4-AE26-575A-FD519A42D15D}.Release|Any CPU.Build.0 = Release|Any CPU
		{24932CD5-400A-735E-8ECC-CB160FDAFB6D}.Debug|Any CPU.ActiveCfg = Debug|Any CPU
		{24932CD5-400A-735E-8ECC-CB160FDAFB6D}.Debug|Any CPU.Build.0 = Debug|Any CPU
		{24932CD5-400A-735E-8ECC-CB160FDAFB6D}.Release|Any CPU.ActiveCfg = Release|Any CPU
		{24932CD5-400A-735E-8ECC-CB160FDAFB6D}.Release|Any CPU.Build.0 = Release|Any CPU
		{E10A6CB0-C203-3876-6A6F-2E68D57DF484}.Debug|Any CPU.ActiveCfg = Debug|Any CPU
		{E10A6CB0-C203-3876-6A6F-2E68D57DF484}.Debug|Any CPU.Build.0 = Debug|Any CPU
		{E10A6CB0-C203-3876-6A6F-2E68D57DF484}.Release|Any CPU.ActiveCfg = Release|Any CPU
		{E10A6CB0-C203-3876-6A6F-2E68D57DF484}.Release|Any CPU.Build.0 = Release|Any CPU
		{483D6BCE-2AA0-32C2-A1C9-E4130B02E20C}.Debug|Any CPU.ActiveCfg = Debug|Any CPU
		{483D6BCE-2AA0-32C2-A1C9-E4130B02E20C}.Debug|Any CPU.Build.0 = Debug|Any CPU
		{483D6BCE-2AA0-32C2-A1C9-E4130B02E20C}.Release|Any CPU.ActiveCfg = Release|Any CPU
		{483D6BCE-2AA0-32C2-A1C9-E4130B02E20C}.Release|Any CPU.Build.0 = Release|Any CPU
		{03A8F42A-54D8-E26B-002B-75477C7187B5}.Debug|Any CPU.ActiveCfg = Debug|Any CPU
		{03A8F42A-54D8-E26B-002B-75477C7187B5}.Debug|Any CPU.Build.0 = Debug|Any CPU
		{03A8F42A-54D8-E26B-002B-75477C7187B5}.Release|Any CPU.ActiveCfg = Release|Any CPU
		{03A8F42A-54D8-E26B-002B-75477C7187B5}.Release|Any CPU.Build.0 = Release|Any CPU
		{A73BCA40-C58A-F986-9DEB-6FB137C98A63}.Debug|Any CPU.ActiveCfg = Debug|Any CPU
		{A73BCA40-C58A-F986-9DEB-6FB137C98A63}.Debug|Any CPU.Build.0 = Debug|Any CPU
		{A73BCA40-C58A-F986-9DEB-6FB137C98A63}.Release|Any CPU.ActiveCfg = Release|Any CPU
		{A73BCA40-C58A-F986-9DEB-6FB137C98A63}.Release|Any CPU.Build.0 = Release|Any CPU
		{E56D67D5-A22E-DE98-D787-A6C54784B455}.Debug|Any CPU.ActiveCfg = Debug|Any CPU
		{E56D67D5-A22E-DE98-D787-A6C54784B455}.Debug|Any CPU.Build.0 = Debug|Any CPU
		{E56D67D5-A22E-DE98-D787-A6C54784B455}.Release|Any CPU.ActiveCfg = Release|Any CPU
		{E56D67D5-A22E-DE98-D787-A6C54784B455}.Release|Any CPU.Build.0 = Release|Any CPU
		{D9E88324-E32B-657F-8EE7-F26A6F8FD563}.Debug|Any CPU.ActiveCfg = Debug|Any CPU
		{D9E88324-E32B-657F-8EE7-F26A6F8FD563}.Debug|Any CPU.Build.0 = Debug|Any CPU
		{D9E88324-E32B-657F-8EE7-F26A6F8FD563}.Release|Any CPU.ActiveCfg = Release|Any CPU
		{D9E88324-E32B-657F-8EE7-F26A6F8FD563}.Release|Any CPU.Build.0 = Release|Any CPU
		{F0A7A218-6BE3-B79D-D133-02BE101AB1C1}.Debug|Any CPU.ActiveCfg = Debug|Any CPU
		{F0A7A218-6BE3-B79D-D133-02BE101AB1C1}.Debug|Any CPU.Build.0 = Debug|Any CPU
		{F0A7A218-6BE3-B79D-D133-02BE101AB1C1}.Release|Any CPU.ActiveCfg = Release|Any CPU
		{F0A7A218-6BE3-B79D-D133-02BE101AB1C1}.Release|Any CPU.Build.0 = Release|Any CPU
		{8891DCB8-A143-50FE-4962-98419332A165}.Debug|Any CPU.ActiveCfg = Debug|Any CPU
		{8891DCB8-A143-50FE-4962-98419332A165}.Debug|Any CPU.Build.0 = Debug|Any CPU
		{8891DCB8-A143-50FE-4962-98419332A165}.Release|Any CPU.ActiveCfg = Release|Any CPU
		{8891DCB8-A143-50FE-4962-98419332A165}.Release|Any CPU.Build.0 = Release|Any CPU
		{D3C4FA4E-B699-6242-B466-888E2218EA1E}.Debug|Any CPU.ActiveCfg = Debug|Any CPU
		{D3C4FA4E-B699-6242-B466-888E2218EA1E}.Debug|Any CPU.Build.0 = Debug|Any CPU
		{D3C4FA4E-B699-6242-B466-888E2218EA1E}.Release|Any CPU.ActiveCfg = Release|Any CPU
		{D3C4FA4E-B699-6242-B466-888E2218EA1E}.Release|Any CPU.Build.0 = Release|Any CPU
		{E3EF6E53-88BE-20EB-65C7-C65330B49779}.Debug|Any CPU.ActiveCfg = Debug|Any CPU
		{E3EF6E53-88BE-20EB-65C7-C65330B49779}.Debug|Any CPU.Build.0 = Debug|Any CPU
		{E3EF6E53-88BE-20EB-65C7-C65330B49779}.Release|Any CPU.ActiveCfg = Release|Any CPU
		{E3EF6E53-88BE-20EB-65C7-C65330B49779}.Release|Any CPU.Build.0 = Release|Any CPU
		{1312F78D-733A-2DA8-FFE5-1A44F462E2A8}.Debug|Any CPU.ActiveCfg = Debug|Any CPU
		{1312F78D-733A-2DA8-FFE5-1A44F462E2A8}.Debug|Any CPU.Build.0 = Debug|Any CPU
		{1312F78D-733A-2DA8-FFE5-1A44F462E2A8}.Release|Any CPU.ActiveCfg = Release|Any CPU
		{1312F78D-733A-2DA8-FFE5-1A44F462E2A8}.Release|Any CPU.Build.0 = Release|Any CPU
		{2A9D0304-F800-4DDC-BF64-1EEF365C7651}.Debug|Any CPU.ActiveCfg = Debug|Any CPU
		{2A9D0304-F800-4DDC-BF64-1EEF365C7651}.Debug|Any CPU.Build.0 = Debug|Any CPU
		{2A9D0304-F800-4DDC-BF64-1EEF365C7651}.Release|Any CPU.ActiveCfg = Release|Any CPU
		{2A9D0304-F800-4DDC-BF64-1EEF365C7651}.Release|Any CPU.Build.0 = Release|Any CPU
		{698601C1-E216-3963-5770-64DAF6FDB079}.Debug|Any CPU.ActiveCfg = Debug|Any CPU
		{698601C1-E216-3963-5770-64DAF6FDB079}.Debug|Any CPU.Build.0 = Debug|Any CPU
		{698601C1-E216-3963-5770-64DAF6FDB079}.Release|Any CPU.ActiveCfg = Release|Any CPU
		{698601C1-E216-3963-5770-64DAF6FDB079}.Release|Any CPU.Build.0 = Release|Any CPU
		{D9BA0D05-641A-9424-3442-1AB602D44A77}.Debug|Any CPU.ActiveCfg = Debug|Any CPU
		{D9BA0D05-641A-9424-3442-1AB602D44A77}.Debug|Any CPU.Build.0 = Debug|Any CPU
		{D9BA0D05-641A-9424-3442-1AB602D44A77}.Release|Any CPU.ActiveCfg = Release|Any CPU
		{D9BA0D05-641A-9424-3442-1AB602D44A77}.Release|Any CPU.Build.0 = Release|Any CPU
		{51CDBFA7-88DA-36B9-B6E7-DE5D5DB461B5}.Debug|Any CPU.ActiveCfg = Debug|Any CPU
		{51CDBFA7-88DA-36B9-B6E7-DE5D5DB461B5}.Debug|Any CPU.Build.0 = Debug|Any CPU
		{51CDBFA7-88DA-36B9-B6E7-DE5D5DB461B5}.Release|Any CPU.ActiveCfg = Release|Any CPU
		{51CDBFA7-88DA-36B9-B6E7-DE5D5DB461B5}.Release|Any CPU.Build.0 = Release|Any CPU
		{DE8C13E3-E202-5053-CD26-84761FC4F981}.Debug|Any CPU.ActiveCfg = Debug|Any CPU
		{DE8C13E3-E202-5053-CD26-84761FC4F981}.Debug|Any CPU.Build.0 = Debug|Any CPU
		{DE8C13E3-E202-5053-CD26-84761FC4F981}.Release|Any CPU.ActiveCfg = Release|Any CPU
		{DE8C13E3-E202-5053-CD26-84761FC4F981}.Release|Any CPU.Build.0 = Release|Any CPU
		{2D9AF089-D889-B7AB-B166-50ECAF487EB4}.Debug|Any CPU.ActiveCfg = Debug|Any CPU
		{2D9AF089-D889-B7AB-B166-50ECAF487EB4}.Debug|Any CPU.Build.0 = Debug|Any CPU
		{2D9AF089-D889-B7AB-B166-50ECAF487EB4}.Release|Any CPU.ActiveCfg = Release|Any CPU
		{2D9AF089-D889-B7AB-B166-50ECAF487EB4}.Release|Any CPU.Build.0 = Release|Any CPU
		{046E4E8B-0680-4F66-F44C-8F9B5C657D9F}.Debug|Any CPU.ActiveCfg = Debug|Any CPU
		{046E4E8B-0680-4F66-F44C-8F9B5C657D9F}.Debug|Any CPU.Build.0 = Debug|Any CPU
		{046E4E8B-0680-4F66-F44C-8F9B5C657D9F}.Release|Any CPU.ActiveCfg = Release|Any CPU
		{046E4E8B-0680-4F66-F44C-8F9B5C657D9F}.Release|Any CPU.Build.0 = Release|Any CPU
		{C024ACBE-CFDF-04C6-7D4A-07B23FE24F6B}.Debug|Any CPU.ActiveCfg = Debug|Any CPU
		{C024ACBE-CFDF-04C6-7D4A-07B23FE24F6B}.Debug|Any CPU.Build.0 = Debug|Any CPU
		{C024ACBE-CFDF-04C6-7D4A-07B23FE24F6B}.Release|Any CPU.ActiveCfg = Release|Any CPU
		{C024ACBE-CFDF-04C6-7D4A-07B23FE24F6B}.Release|Any CPU.Build.0 = Release|Any CPU
		{BEAE4618-1E46-6D64-7609-A4DDC34BB5A2}.Debug|Any CPU.ActiveCfg = Debug|Any CPU
		{BEAE4618-1E46-6D64-7609-A4DDC34BB5A2}.Debug|Any CPU.Build.0 = Debug|Any CPU
		{BEAE4618-1E46-6D64-7609-A4DDC34BB5A2}.Release|Any CPU.ActiveCfg = Release|Any CPU
		{BEAE4618-1E46-6D64-7609-A4DDC34BB5A2}.Release|Any CPU.Build.0 = Release|Any CPU
		{DE9E4D1A-0C96-EE3A-2E98-7E3AF7235BD7}.Debug|Any CPU.ActiveCfg = Debug|Any CPU
		{DE9E4D1A-0C96-EE3A-2E98-7E3AF7235BD7}.Debug|Any CPU.Build.0 = Debug|Any CPU
		{DE9E4D1A-0C96-EE3A-2E98-7E3AF7235BD7}.Release|Any CPU.ActiveCfg = Release|Any CPU
		{DE9E4D1A-0C96-EE3A-2E98-7E3AF7235BD7}.Release|Any CPU.Build.0 = Release|Any CPU
		{B6378FE3-A9B1-986F-CF5C-12A14A43E209}.Debug|Any CPU.ActiveCfg = Debug|Any CPU
		{B6378FE3-A9B1-986F-CF5C-12A14A43E209}.Debug|Any CPU.Build.0 = Debug|Any CPU
		{B6378FE3-A9B1-986F-CF5C-12A14A43E209}.Release|Any CPU.ActiveCfg = Release|Any CPU
		{B6378FE3-A9B1-986F-CF5C-12A14A43E209}.Release|Any CPU.Build.0 = Release|Any CPU
		{FCA180A8-1947-4031-2020-CC145DA9CCA0}.Debug|Any CPU.ActiveCfg = Debug|Any CPU
		{FCA180A8-1947-4031-2020-CC145DA9CCA0}.Debug|Any CPU.Build.0 = Debug|Any CPU
		{FCA180A8-1947-4031-2020-CC145DA9CCA0}.Release|Any CPU.ActiveCfg = Release|Any CPU
		{FCA180A8-1947-4031-2020-CC145DA9CCA0}.Release|Any CPU.Build.0 = Release|Any CPU
		{A4310CBF-BB11-AA77-EC87-924D5BD0E369}.Debug|Any CPU.ActiveCfg = Debug|Any CPU
		{A4310CBF-BB11-AA77-EC87-924D5BD0E369}.Debug|Any CPU.Build.0 = Debug|Any CPU
		{A4310CBF-BB11-AA77-EC87-924D5BD0E369}.Release|Any CPU.ActiveCfg = Release|Any CPU
		{A4310CBF-BB11-AA77-EC87-924D5BD0E369}.Release|Any CPU.Build.0 = Release|Any CPU
		{6753E178-0263-A539-6CEC-4236B0BB15FA}.Debug|Any CPU.ActiveCfg = Debug|Any CPU
		{6753E178-0263-A539-6CEC-4236B0BB15FA}.Debug|Any CPU.Build.0 = Debug|Any CPU
		{6753E178-0263-A539-6CEC-4236B0BB15FA}.Release|Any CPU.ActiveCfg = Release|Any CPU
		{6753E178-0263-A539-6CEC-4236B0BB15FA}.Release|Any CPU.Build.0 = Release|Any CPU
		{F3B6BD2E-030B-5876-91BB-5376B5354891}.Debug|Any CPU.ActiveCfg = Debug|Any CPU
		{F3B6BD2E-030B-5876-91BB-5376B5354891}.Debug|Any CPU.Build.0 = Debug|Any CPU
		{F3B6BD2E-030B-5876-91BB-5376B5354891}.Release|Any CPU.ActiveCfg = Release|Any CPU
		{F3B6BD2E-030B-5876-91BB-5376B5354891}.Release|Any CPU.Build.0 = Release|Any CPU
		{E6B3F0D9-FA6A-5938-3058-53E5580288DD}.Debug|Any CPU.ActiveCfg = Debug|Any CPU
		{E6B3F0D9-FA6A-5938-3058-53E5580288DD}.Debug|Any CPU.Build.0 = Debug|Any CPU
		{E6B3F0D9-FA6A-5938-3058-53E5580288DD}.Release|Any CPU.ActiveCfg = Release|Any CPU
		{E6B3F0D9-FA6A-5938-3058-53E5580288DD}.Release|Any CPU.Build.0 = Release|Any CPU
		{6274BDC8-4DAC-9143-31BB-B76A6F9C39B6}.Debug|Any CPU.ActiveCfg = Debug|Any CPU
		{6274BDC8-4DAC-9143-31BB-B76A6F9C39B6}.Debug|Any CPU.Build.0 = Debug|Any CPU
		{6274BDC8-4DAC-9143-31BB-B76A6F9C39B6}.Release|Any CPU.ActiveCfg = Release|Any CPU
		{6274BDC8-4DAC-9143-31BB-B76A6F9C39B6}.Release|Any CPU.Build.0 = Release|Any CPU
		{3970CB34-5A11-54D4-5D42-309ECF4BEC68}.Debug|Any CPU.ActiveCfg = Debug|Any CPU
		{3970CB34-5A11-54D4-5D42-309ECF4BEC68}.Debug|Any CPU.Build.0 = Debug|Any CPU
		{3970CB34-5A11-54D4-5D42-309ECF4BEC68}.Release|Any CPU.ActiveCfg = Release|Any CPU
		{3970CB34-5A11-54D4-5D42-309ECF4BEC68}.Release|Any CPU.Build.0 = Release|Any CPU
		{727DE84D-7596-E851-C9FD-1E33E3485669}.Debug|Any CPU.ActiveCfg = Debug|Any CPU
		{727DE84D-7596-E851-C9FD-1E33E3485669}.Debug|Any CPU.Build.0 = Debug|Any CPU
		{727DE84D-7596-E851-C9FD-1E33E3485669}.Release|Any CPU.ActiveCfg = Release|Any CPU
		{727DE84D-7596-E851-C9FD-1E33E3485669}.Release|Any CPU.Build.0 = Release|Any CPU
		{683AC31C-DC49-DC58-7435-D16A0961959D}.Debug|Any CPU.ActiveCfg = Debug|Any CPU
		{683AC31C-DC49-DC58-7435-D16A0961959D}.Debug|Any CPU.Build.0 = Debug|Any CPU
		{683AC31C-DC49-DC58-7435-D16A0961959D}.Release|Any CPU.ActiveCfg = Release|Any CPU
		{683AC31C-DC49-DC58-7435-D16A0961959D}.Release|Any CPU.Build.0 = Release|Any CPU
		{C1CA0E7B-D2F6-1DAC-4AC6-AC4EF5410281}.Debug|Any CPU.ActiveCfg = Debug|Any CPU
		{C1CA0E7B-D2F6-1DAC-4AC6-AC4EF5410281}.Debug|Any CPU.Build.0 = Debug|Any CPU
		{C1CA0E7B-D2F6-1DAC-4AC6-AC4EF5410281}.Release|Any CPU.ActiveCfg = Release|Any CPU
		{C1CA0E7B-D2F6-1DAC-4AC6-AC4EF5410281}.Release|Any CPU.Build.0 = Release|Any CPU
		{CFEF03BF-E1C0-415C-754C-F6500C07DE47}.Debug|Any CPU.ActiveCfg = Debug|Any CPU
		{CFEF03BF-E1C0-415C-754C-F6500C07DE47}.Debug|Any CPU.Build.0 = Debug|Any CPU
		{CFEF03BF-E1C0-415C-754C-F6500C07DE47}.Release|Any CPU.ActiveCfg = Release|Any CPU
		{CFEF03BF-E1C0-415C-754C-F6500C07DE47}.Release|Any CPU.Build.0 = Release|Any CPU
		{F5EE465C-E108-44EB-13DE-33CCB992324E}.Debug|Any CPU.ActiveCfg = Debug|Any CPU
		{F5EE465C-E108-44EB-13DE-33CCB992324E}.Debug|Any CPU.Build.0 = Debug|Any CPU
		{F5EE465C-E108-44EB-13DE-33CCB992324E}.Release|Any CPU.ActiveCfg = Release|Any CPU
		{F5EE465C-E108-44EB-13DE-33CCB992324E}.Release|Any CPU.Build.0 = Release|Any CPU
		{B1AEF954-567B-BD45-F59E-CC8505C9373F}.Debug|Any CPU.ActiveCfg = Debug|Any CPU
		{B1AEF954-567B-BD45-F59E-CC8505C9373F}.Debug|Any CPU.Build.0 = Debug|Any CPU
		{B1AEF954-567B-BD45-F59E-CC8505C9373F}.Release|Any CPU.ActiveCfg = Release|Any CPU
		{B1AEF954-567B-BD45-F59E-CC8505C9373F}.Release|Any CPU.Build.0 = Release|Any CPU
		{F37AD8E3-30C4-B39A-FD1F-05F746203349}.Debug|Any CPU.ActiveCfg = Debug|Any CPU
		{F37AD8E3-30C4-B39A-FD1F-05F746203349}.Debug|Any CPU.Build.0 = Debug|Any CPU
		{F37AD8E3-30C4-B39A-FD1F-05F746203349}.Release|Any CPU.ActiveCfg = Release|Any CPU
		{F37AD8E3-30C4-B39A-FD1F-05F746203349}.Release|Any CPU.Build.0 = Release|Any CPU
		{2E03ED31-C01C-97B7-8B99-56F001D368F9}.Debug|Any CPU.ActiveCfg = Debug|Any CPU
		{2E03ED31-C01C-97B7-8B99-56F001D368F9}.Debug|Any CPU.Build.0 = Debug|Any CPU
		{2E03ED31-C01C-97B7-8B99-56F001D368F9}.Release|Any CPU.ActiveCfg = Release|Any CPU
		{2E03ED31-C01C-97B7-8B99-56F001D368F9}.Release|Any CPU.Build.0 = Release|Any CPU
		{0068377A-9480-6CD4-1F65-C2FA53B1E099}.Debug|Any CPU.ActiveCfg = Debug|Any CPU
		{0068377A-9480-6CD4-1F65-C2FA53B1E099}.Debug|Any CPU.Build.0 = Debug|Any CPU
		{0068377A-9480-6CD4-1F65-C2FA53B1E099}.Release|Any CPU.ActiveCfg = Release|Any CPU
		{0068377A-9480-6CD4-1F65-C2FA53B1E099}.Release|Any CPU.Build.0 = Release|Any CPU
		{A0D304EF-2EEB-295D-64EB-54B7E3589E8F}.Debug|Any CPU.ActiveCfg = Debug|Any CPU
		{A0D304EF-2EEB-295D-64EB-54B7E3589E8F}.Debug|Any CPU.Build.0 = Debug|Any CPU
		{A0D304EF-2EEB-295D-64EB-54B7E3589E8F}.Release|Any CPU.ActiveCfg = Release|Any CPU
		{A0D304EF-2EEB-295D-64EB-54B7E3589E8F}.Release|Any CPU.Build.0 = Release|Any CPU
		{C01D8419-AA0A-EAF9-F3B9-8D3667118C18}.Debug|Any CPU.ActiveCfg = Debug|Any CPU
		{C01D8419-AA0A-EAF9-F3B9-8D3667118C18}.Debug|Any CPU.Build.0 = Debug|Any CPU
		{C01D8419-AA0A-EAF9-F3B9-8D3667118C18}.Release|Any CPU.ActiveCfg = Release|Any CPU
		{C01D8419-AA0A-EAF9-F3B9-8D3667118C18}.Release|Any CPU.Build.0 = Release|Any CPU
		{9A6A77B6-182C-A1D3-8045-48B6733AAA6C}.Debug|Any CPU.ActiveCfg = Debug|Any CPU
		{9A6A77B6-182C-A1D3-8045-48B6733AAA6C}.Debug|Any CPU.Build.0 = Debug|Any CPU
		{9A6A77B6-182C-A1D3-8045-48B6733AAA6C}.Release|Any CPU.ActiveCfg = Release|Any CPU
		{9A6A77B6-182C-A1D3-8045-48B6733AAA6C}.Release|Any CPU.Build.0 = Release|Any CPU
		{F96CE08A-3E81-604F-C52D-CC58428E63E0}.Debug|Any CPU.ActiveCfg = Debug|Any CPU
		{F96CE08A-3E81-604F-C52D-CC58428E63E0}.Debug|Any CPU.Build.0 = Debug|Any CPU
		{F96CE08A-3E81-604F-C52D-CC58428E63E0}.Release|Any CPU.ActiveCfg = Release|Any CPU
		{F96CE08A-3E81-604F-C52D-CC58428E63E0}.Release|Any CPU.Build.0 = Release|Any CPU
		{86A54A69-1F23-DCD3-2AD9-DD9C9911E198}.Debug|Any CPU.ActiveCfg = Debug|Any CPU
		{86A54A69-1F23-DCD3-2AD9-DD9C9911E198}.Debug|Any CPU.Build.0 = Debug|Any CPU
		{86A54A69-1F23-DCD3-2AD9-DD9C9911E198}.Release|Any CPU.ActiveCfg = Release|Any CPU
		{86A54A69-1F23-DCD3-2AD9-DD9C9911E198}.Release|Any CPU.Build.0 = Release|Any CPU
		{4DD91D23-F42E-B1B3-D699-9B755A5549A3}.Debug|Any CPU.ActiveCfg = Debug|Any CPU
		{4DD91D23-F42E-B1B3-D699-9B755A5549A3}.Debug|Any CPU.Build.0 = Debug|Any CPU
		{4DD91D23-F42E-B1B3-D699-9B755A5549A3}.Release|Any CPU.ActiveCfg = Release|Any CPU
		{4DD91D23-F42E-B1B3-D699-9B755A5549A3}.Release|Any CPU.Build.0 = Release|Any CPU
		{B7C33BCA-4349-8C09-4CC6-2A4BFF130A42}.Debug|Any CPU.ActiveCfg = Debug|Any CPU
		{B7C33BCA-4349-8C09-4CC6-2A4BFF130A42}.Debug|Any CPU.Build.0 = Debug|Any CPU
		{B7C33BCA-4349-8C09-4CC6-2A4BFF130A42}.Release|Any CPU.ActiveCfg = Release|Any CPU
		{B7C33BCA-4349-8C09-4CC6-2A4BFF130A42}.Release|Any CPU.Build.0 = Release|Any CPU
		{5B37295E-3190-BF7C-99E2-2FE98FC98087}.Debug|Any CPU.ActiveCfg = Debug|Any CPU
		{5B37295E-3190-BF7C-99E2-2FE98FC98087}.Debug|Any CPU.Build.0 = Debug|Any CPU
		{5B37295E-3190-BF7C-99E2-2FE98FC98087}.Release|Any CPU.ActiveCfg = Release|Any CPU
		{5B37295E-3190-BF7C-99E2-2FE98FC98087}.Release|Any CPU.Build.0 = Release|Any CPU
		{B5A35C7E-838E-5035-BA5A-2D1FF196C310}.Debug|Any CPU.ActiveCfg = Debug|Any CPU
		{B5A35C7E-838E-5035-BA5A-2D1FF196C310}.Debug|Any CPU.Build.0 = Debug|Any CPU
		{B5A35C7E-838E-5035-BA5A-2D1FF196C310}.Release|Any CPU.ActiveCfg = Release|Any CPU
		{B5A35C7E-838E-5035-BA5A-2D1FF196C310}.Release|Any CPU.Build.0 = Release|Any CPU
		{429448CD-B9B4-BD84-B8FC-E1F3344C53F4}.Debug|Any CPU.ActiveCfg = Debug|Any CPU
		{429448CD-B9B4-BD84-B8FC-E1F3344C53F4}.Debug|Any CPU.Build.0 = Debug|Any CPU
		{429448CD-B9B4-BD84-B8FC-E1F3344C53F4}.Release|Any CPU.ActiveCfg = Release|Any CPU
		{429448CD-B9B4-BD84-B8FC-E1F3344C53F4}.Release|Any CPU.Build.0 = Release|Any CPU
		{20E5B28F-F145-27FE-60AF-B3C5271A7560}.Debug|Any CPU.ActiveCfg = Debug|Any CPU
		{20E5B28F-F145-27FE-60AF-B3C5271A7560}.Debug|Any CPU.Build.0 = Debug|Any CPU
		{20E5B28F-F145-27FE-60AF-B3C5271A7560}.Release|Any CPU.ActiveCfg = Release|Any CPU
		{20E5B28F-F145-27FE-60AF-B3C5271A7560}.Release|Any CPU.Build.0 = Release|Any CPU
		{4EC26BE5-DA02-1069-8831-195CCA7B4ACC}.Debug|Any CPU.ActiveCfg = Debug|Any CPU
		{4EC26BE5-DA02-1069-8831-195CCA7B4ACC}.Debug|Any CPU.Build.0 = Debug|Any CPU
		{4EC26BE5-DA02-1069-8831-195CCA7B4ACC}.Release|Any CPU.ActiveCfg = Release|Any CPU
		{4EC26BE5-DA02-1069-8831-195CCA7B4ACC}.Release|Any CPU.Build.0 = Release|Any CPU
		{EF05AE03-D16D-D6B3-D16B-1415EEE3D7D4}.Debug|Any CPU.ActiveCfg = Debug|Any CPU
		{EF05AE03-D16D-D6B3-D16B-1415EEE3D7D4}.Debug|Any CPU.Build.0 = Debug|Any CPU
		{EF05AE03-D16D-D6B3-D16B-1415EEE3D7D4}.Release|Any CPU.ActiveCfg = Release|Any CPU
		{EF05AE03-D16D-D6B3-D16B-1415EEE3D7D4}.Release|Any CPU.Build.0 = Release|Any CPU
		{FA6CC493-9F14-D278-8AEC-C8061C645292}.Debug|Any CPU.ActiveCfg = Debug|Any CPU
		{FA6CC493-9F14-D278-8AEC-C8061C645292}.Debug|Any CPU.Build.0 = Debug|Any CPU
		{FA6CC493-9F14-D278-8AEC-C8061C645292}.Release|Any CPU.ActiveCfg = Release|Any CPU
		{FA6CC493-9F14-D278-8AEC-C8061C645292}.Release|Any CPU.Build.0 = Release|Any CPU
		{5F0465DF-5656-9EA4-9FFE-67FE2DCFB1BB}.Debug|Any CPU.ActiveCfg = Debug|Any CPU
		{5F0465DF-5656-9EA4-9FFE-67FE2DCFB1BB}.Debug|Any CPU.Build.0 = Debug|Any CPU
		{5F0465DF-5656-9EA4-9FFE-67FE2DCFB1BB}.Release|Any CPU.ActiveCfg = Release|Any CPU
		{5F0465DF-5656-9EA4-9FFE-67FE2DCFB1BB}.Release|Any CPU.Build.0 = Release|Any CPU
		{5FCF4FDC-832C-F9A9-CC9E-13CDC72DCFBD}.Debug|Any CPU.ActiveCfg = Debug|Any CPU
		{5FCF4FDC-832C-F9A9-CC9E-13CDC72DCFBD}.Debug|Any CPU.Build.0 = Debug|Any CPU
		{5FCF4FDC-832C-F9A9-CC9E-13CDC72DCFBD}.Release|Any CPU.ActiveCfg = Release|Any CPU
		{5FCF4FDC-832C-F9A9-CC9E-13CDC72DCFBD}.Release|Any CPU.Build.0 = Release|Any CPU
		{F7206C9E-5D18-1159-0A3B-BFABF5E321A4}.Debug|Any CPU.ActiveCfg = Debug|Any CPU
		{F7206C9E-5D18-1159-0A3B-BFABF5E321A4}.Debug|Any CPU.Build.0 = Debug|Any CPU
		{F7206C9E-5D18-1159-0A3B-BFABF5E321A4}.Release|Any CPU.ActiveCfg = Release|Any CPU
		{F7206C9E-5D18-1159-0A3B-BFABF5E321A4}.Release|Any CPU.Build.0 = Release|Any CPU
		{7D7850A1-F433-FFAF-C0E3-AFA783E5F42A}.Debug|Any CPU.ActiveCfg = Debug|Any CPU
		{7D7850A1-F433-FFAF-C0E3-AFA783E5F42A}.Debug|Any CPU.Build.0 = Debug|Any CPU
		{7D7850A1-F433-FFAF-C0E3-AFA783E5F42A}.Release|Any CPU.ActiveCfg = Release|Any CPU
		{7D7850A1-F433-FFAF-C0E3-AFA783E5F42A}.Release|Any CPU.Build.0 = Release|Any CPU
		{9DCB3B12-A688-69B3-ED96-348B4FA2679A}.Debug|Any CPU.ActiveCfg = Debug|Any CPU
		{9DCB3B12-A688-69B3-ED96-348B4FA2679A}.Debug|Any CPU.Build.0 = Debug|Any CPU
		{9DCB3B12-A688-69B3-ED96-348B4FA2679A}.Release|Any CPU.ActiveCfg = Release|Any CPU
		{9DCB3B12-A688-69B3-ED96-348B4FA2679A}.Release|Any CPU.Build.0 = Release|Any CPU
		{8A306BF8-60DA-FB31-4828-E4500DD1B14B}.Debug|Any CPU.ActiveCfg = Debug|Any CPU
		{8A306BF8-60DA-FB31-4828-E4500DD1B14B}.Debug|Any CPU.Build.0 = Debug|Any CPU
		{8A306BF8-60DA-FB31-4828-E4500DD1B14B}.Release|Any CPU.ActiveCfg = Release|Any CPU
		{8A306BF8-60DA-FB31-4828-E4500DD1B14B}.Release|Any CPU.Build.0 = Release|Any CPU
		{1F26AE6E-29D3-D927-59A2-AEF42080B295}.Debug|Any CPU.ActiveCfg = Debug|Any CPU
		{1F26AE6E-29D3-D927-59A2-AEF42080B295}.Debug|Any CPU.Build.0 = Debug|Any CPU
		{1F26AE6E-29D3-D927-59A2-AEF42080B295}.Release|Any CPU.ActiveCfg = Release|Any CPU
		{1F26AE6E-29D3-D927-59A2-AEF42080B295}.Release|Any CPU.Build.0 = Release|Any CPU
		{DEF15EE2-EAC7-2114-E555-899ACAEEE4E7}.Debug|Any CPU.ActiveCfg = Debug|Any CPU
		{DEF15EE2-EAC7-2114-E555-899ACAEEE4E7}.Debug|Any CPU.Build.0 = Debug|Any CPU
		{DEF15EE2-EAC7-2114-E555-899ACAEEE4E7}.Release|Any CPU.ActiveCfg = Release|Any CPU
		{DEF15EE2-EAC7-2114-E555-899ACAEEE4E7}.Release|Any CPU.Build.0 = Release|Any CPU
		{B8C8E848-4A5B-E5FF-7C64-FEAC81932834}.Debug|Any CPU.ActiveCfg = Debug|Any CPU
		{B8C8E848-4A5B-E5FF-7C64-FEAC81932834}.Debug|Any CPU.Build.0 = Debug|Any CPU
		{B8C8E848-4A5B-E5FF-7C64-FEAC81932834}.Release|Any CPU.ActiveCfg = Release|Any CPU
		{B8C8E848-4A5B-E5FF-7C64-FEAC81932834}.Release|Any CPU.Build.0 = Release|Any CPU
		{48DD87FD-F844-B6FA-09DC-6E69E6630F36}.Debug|Any CPU.ActiveCfg = Debug|Any CPU
		{48DD87FD-F844-B6FA-09DC-6E69E6630F36}.Debug|Any CPU.Build.0 = Debug|Any CPU
		{48DD87FD-F844-B6FA-09DC-6E69E6630F36}.Release|Any CPU.ActiveCfg = Release|Any CPU
		{48DD87FD-F844-B6FA-09DC-6E69E6630F36}.Release|Any CPU.Build.0 = Release|Any CPU
		{F6FFE8E6-5A72-376C-A060-9C8DC60D94C5}.Debug|Any CPU.ActiveCfg = Debug|Any CPU
		{F6FFE8E6-5A72-376C-A060-9C8DC60D94C5}.Debug|Any CPU.Build.0 = Debug|Any CPU
		{F6FFE8E6-5A72-376C-A060-9C8DC60D94C5}.Release|Any CPU.ActiveCfg = Release|Any CPU
		{F6FFE8E6-5A72-376C-A060-9C8DC60D94C5}.Release|Any CPU.Build.0 = Release|Any CPU
		{C78D7A1E-B744-4751-B109-D589FE591478}.Debug|Any CPU.ActiveCfg = Debug|Any CPU
		{C78D7A1E-B744-4751-B109-D589FE591478}.Debug|Any CPU.Build.0 = Debug|Any CPU
		{C78D7A1E-B744-4751-B109-D589FE591478}.Release|Any CPU.ActiveCfg = Release|Any CPU
		{C78D7A1E-B744-4751-B109-D589FE591478}.Release|Any CPU.Build.0 = Release|Any CPU
		{C73A4513-B453-D4A1-2C31-BAEC8BEDEDF0}.Debug|Any CPU.ActiveCfg = Debug|Any CPU
		{C73A4513-B453-D4A1-2C31-BAEC8BEDEDF0}.Debug|Any CPU.Build.0 = Debug|Any CPU
		{C73A4513-B453-D4A1-2C31-BAEC8BEDEDF0}.Release|Any CPU.ActiveCfg = Release|Any CPU
		{C73A4513-B453-D4A1-2C31-BAEC8BEDEDF0}.Release|Any CPU.Build.0 = Release|Any CPU
		{5FFEB9A9-D8AF-4D0C-CA7D-EBCA4D577591}.Debug|Any CPU.ActiveCfg = Debug|Any CPU
		{5FFEB9A9-D8AF-4D0C-CA7D-EBCA4D577591}.Debug|Any CPU.Build.0 = Debug|Any CPU
		{5FFEB9A9-D8AF-4D0C-CA7D-EBCA4D577591}.Release|Any CPU.ActiveCfg = Release|Any CPU
		{5FFEB9A9-D8AF-4D0C-CA7D-EBCA4D577591}.Release|Any CPU.Build.0 = Release|Any CPU
		{F2576E0F-CAE1-2537-3CEF-4E8EBB349B9E}.Debug|Any CPU.ActiveCfg = Debug|Any CPU
		{F2576E0F-CAE1-2537-3CEF-4E8EBB349B9E}.Debug|Any CPU.Build.0 = Debug|Any CPU
		{F2576E0F-CAE1-2537-3CEF-4E8EBB349B9E}.Release|Any CPU.ActiveCfg = Release|Any CPU
		{F2576E0F-CAE1-2537-3CEF-4E8EBB349B9E}.Release|Any CPU.Build.0 = Release|Any CPU
		{F933FBA3-033E-0B52-0CA6-2E3114D8022F}.Debug|Any CPU.ActiveCfg = Debug|Any CPU
		{F933FBA3-033E-0B52-0CA6-2E3114D8022F}.Debug|Any CPU.Build.0 = Debug|Any CPU
		{F933FBA3-033E-0B52-0CA6-2E3114D8022F}.Release|Any CPU.ActiveCfg = Release|Any CPU
		{F933FBA3-033E-0B52-0CA6-2E3114D8022F}.Release|Any CPU.Build.0 = Release|Any CPU
		{973D0343-DD2D-30D8-786A-5EDBB0AB2F21}.Debug|Any CPU.ActiveCfg = Debug|Any CPU
		{973D0343-DD2D-30D8-786A-5EDBB0AB2F21}.Debug|Any CPU.Build.0 = Debug|Any CPU
		{973D0343-DD2D-30D8-786A-5EDBB0AB2F21}.Release|Any CPU.ActiveCfg = Release|Any CPU
		{973D0343-DD2D-30D8-786A-5EDBB0AB2F21}.Release|Any CPU.Build.0 = Release|Any CPU
		{3C80D412-C65E-2EAD-940A-F31119B166F2}.Debug|Any CPU.ActiveCfg = Debug|Any CPU
		{3C80D412-C65E-2EAD-940A-F31119B166F2}.Debug|Any CPU.Build.0 = Debug|Any CPU
		{3C80D412-C65E-2EAD-940A-F31119B166F2}.Release|Any CPU.ActiveCfg = Release|Any CPU
		{3C80D412-C65E-2EAD-940A-F31119B166F2}.Release|Any CPU.Build.0 = Release|Any CPU
		{95F8C187-77F5-44D6-0B38-F60ABD8E0E15}.Debug|Any CPU.ActiveCfg = Debug|Any CPU
		{95F8C187-77F5-44D6-0B38-F60ABD8E0E15}.Debug|Any CPU.Build.0 = Debug|Any CPU
		{95F8C187-77F5-44D6-0B38-F60ABD8E0E15}.Release|Any CPU.ActiveCfg = Release|Any CPU
		{95F8C187-77F5-44D6-0B38-F60ABD8E0E15}.Release|Any CPU.Build.0 = Release|Any CPU
		{5C48E395-286B-9AE2-5413-A7AFAD00E019}.Debug|Any CPU.ActiveCfg = Debug|Any CPU
		{5C48E395-286B-9AE2-5413-A7AFAD00E019}.Debug|Any CPU.Build.0 = Debug|Any CPU
		{5C48E395-286B-9AE2-5413-A7AFAD00E019}.Release|Any CPU.ActiveCfg = Release|Any CPU
		{5C48E395-286B-9AE2-5413-A7AFAD00E019}.Release|Any CPU.Build.0 = Release|Any CPU
		{68EC5BE2-E903-D1C8-2876-FCCA567774DC}.Debug|Any CPU.ActiveCfg = Debug|Any CPU
		{68EC5BE2-E903-D1C8-2876-FCCA567774DC}.Debug|Any CPU.Build.0 = Debug|Any CPU
		{68EC5BE2-E903-D1C8-2876-FCCA567774DC}.Release|Any CPU.ActiveCfg = Release|Any CPU
		{68EC5BE2-E903-D1C8-2876-FCCA567774DC}.Release|Any CPU.Build.0 = Release|Any CPU
		{6F791038-37A5-8346-80DE-48DFB997868C}.Debug|Any CPU.ActiveCfg = Debug|Any CPU
		{6F791038-37A5-8346-80DE-48DFB997868C}.Debug|Any CPU.Build.0 = Debug|Any CPU
		{6F791038-37A5-8346-80DE-48DFB997868C}.Release|Any CPU.ActiveCfg = Release|Any CPU
		{6F791038-37A5-8346-80DE-48DFB997868C}.Release|Any CPU.Build.0 = Release|Any CPU
	EndGlobalSection
	GlobalSection(SolutionProperties) = preSolution
		HideSolutionNode = FALSE
	EndGlobalSection
EndGlobal
